// !$*UTF8*$!
{
	archiveVersion = 1;
	classes = {
	};
	objectVersion = 46;
	objects = {

/* Begin PBXBuildFile section */
		4810EAA91E87E1880034CD86 /* Images.xcassets in Resources */ = {isa = PBXBuildFile; fileRef = 4810EAA81E87E1880034CD86 /* Images.xcassets */; };
		481904CE1ED9BBE80017E7F1 /* MemeMeDetailedViewController.swift in Sources */ = {isa = PBXBuildFile; fileRef = 481904CD1ED9BBE80017E7F1 /* MemeMeDetailedViewController.swift */; };
		484795721EDB6214001272FE /* MemeCollectionViewCell.swift in Sources */ = {isa = PBXBuildFile; fileRef = 484795711EDB6214001272FE /* MemeCollectionViewCell.swift */; };
		486258961E63C9740044FC15 /* AppDelegate.swift in Sources */ = {isa = PBXBuildFile; fileRef = 486258951E63C9740044FC15 /* AppDelegate.swift */; };
		486258981E63C9740044FC15 /* MemeMeEditorViewController.swift in Sources */ = {isa = PBXBuildFile; fileRef = 486258971E63C9740044FC15 /* MemeMeEditorViewController.swift */; };
		4862589B1E63C9740044FC15 /* Main.storyboard in Resources */ = {isa = PBXBuildFile; fileRef = 486258991E63C9740044FC15 /* Main.storyboard */; };
		4862589D1E63C9740044FC15 /* Assets.xcassets in Resources */ = {isa = PBXBuildFile; fileRef = 4862589C1E63C9740044FC15 /* Assets.xcassets */; };
		486258A01E63C9740044FC15 /* LaunchScreen.storyboard in Resources */ = {isa = PBXBuildFile; fileRef = 4862589E1E63C9740044FC15 /* LaunchScreen.storyboard */; };
		486258AB1E63C9740044FC15 /* MemeMeTests.swift in Sources */ = {isa = PBXBuildFile; fileRef = 486258AA1E63C9740044FC15 /* MemeMeTests.swift */; };
		486258B61E63C9740044FC15 /* MemeMeUITests.swift in Sources */ = {isa = PBXBuildFile; fileRef = 486258B51E63C9740044FC15 /* MemeMeUITests.swift */; };
		48B30CEE1EDB5460009329BE /* MemeCollectionViewController.swift in Sources */ = {isa = PBXBuildFile; fileRef = 48B30CED1EDB5460009329BE /* MemeCollectionViewController.swift */; };
		48D740F21E6C57A000A13046 /* MemeMeEditorViewController+UIImagePicker.swift in Sources */ = {isa = PBXBuildFile; fileRef = 48D740F11E6C57A000A13046 /* MemeMeEditorViewController+UIImagePicker.swift */; };
		48D93B3E1E86A831000EB8CC /* MemeMeEditorViewController+UITextField.swift in Sources */ = {isa = PBXBuildFile; fileRef = 48D93B3D1E86A831000EB8CC /* MemeMeEditorViewController+UITextField.swift */; };
		48D93B401E86B8C0000EB8CC /* Meme.swift in Sources */ = {isa = PBXBuildFile; fileRef = 48D93B3F1E86B8C0000EB8CC /* Meme.swift */; };
		48EB36D11ED34C30007648A9 /* MemeTableViewController.swift in Sources */ = {isa = PBXBuildFile; fileRef = 48EB36D01ED34C30007648A9 /* MemeTableViewController.swift */; };
/* End PBXBuildFile section */

/* Begin PBXContainerItemProxy section */
		486258A71E63C9740044FC15 /* PBXContainerItemProxy */ = {
			isa = PBXContainerItemProxy;
			containerPortal = 4862588A1E63C9730044FC15 /* Project object */;
			proxyType = 1;
			remoteGlobalIDString = 486258911E63C9730044FC15;
			remoteInfo = MemeMe;
		};
		486258B21E63C9740044FC15 /* PBXContainerItemProxy */ = {
			isa = PBXContainerItemProxy;
			containerPortal = 4862588A1E63C9730044FC15 /* Project object */;
			proxyType = 1;
			remoteGlobalIDString = 486258911E63C9730044FC15;
			remoteInfo = MemeMe;
		};
/* End PBXContainerItemProxy section */

/* Begin PBXFileReference section */
		4810EAA81E87E1880034CD86 /* Images.xcassets */ = {isa = PBXFileReference; lastKnownFileType = folder.assetcatalog; path = Images.xcassets; sourceTree = "<group>"; };
		481904CD1ED9BBE80017E7F1 /* MemeMeDetailedViewController.swift */ = {isa = PBXFileReference; fileEncoding = 4; lastKnownFileType = sourcecode.swift; path = MemeMeDetailedViewController.swift; sourceTree = "<group>"; };
		484795711EDB6214001272FE /* MemeCollectionViewCell.swift */ = {isa = PBXFileReference; fileEncoding = 4; lastKnownFileType = sourcecode.swift; path = MemeCollectionViewCell.swift; sourceTree = "<group>"; };
		486258921E63C9730044FC15 /* MemeMe.app */ = {isa = PBXFileReference; explicitFileType = wrapper.application; includeInIndex = 0; path = MemeMe.app; sourceTree = BUILT_PRODUCTS_DIR; };
		486258951E63C9740044FC15 /* AppDelegate.swift */ = {isa = PBXFileReference; lastKnownFileType = sourcecode.swift; path = AppDelegate.swift; sourceTree = "<group>"; };
		486258971E63C9740044FC15 /* MemeMeEditorViewController.swift */ = {isa = PBXFileReference; lastKnownFileType = sourcecode.swift; path = MemeMeEditorViewController.swift; sourceTree = "<group>"; };
		4862589A1E63C9740044FC15 /* Base */ = {isa = PBXFileReference; lastKnownFileType = file.storyboard; name = Base; path = Base.lproj/Main.storyboard; sourceTree = "<group>"; };
		4862589C1E63C9740044FC15 /* Assets.xcassets */ = {isa = PBXFileReference; lastKnownFileType = folder.assetcatalog; path = Assets.xcassets; sourceTree = "<group>"; };
		4862589F1E63C9740044FC15 /* Base */ = {isa = PBXFileReference; lastKnownFileType = file.storyboard; name = Base; path = Base.lproj/LaunchScreen.storyboard; sourceTree = "<group>"; };
		486258A11E63C9740044FC15 /* Info.plist */ = {isa = PBXFileReference; lastKnownFileType = text.plist.xml; path = Info.plist; sourceTree = "<group>"; };
		486258A61E63C9740044FC15 /* MemeMeTests.xctest */ = {isa = PBXFileReference; explicitFileType = wrapper.cfbundle; includeInIndex = 0; path = MemeMeTests.xctest; sourceTree = BUILT_PRODUCTS_DIR; };
		486258AA1E63C9740044FC15 /* MemeMeTests.swift */ = {isa = PBXFileReference; lastKnownFileType = sourcecode.swift; path = MemeMeTests.swift; sourceTree = "<group>"; };
		486258AC1E63C9740044FC15 /* Info.plist */ = {isa = PBXFileReference; lastKnownFileType = text.plist.xml; path = Info.plist; sourceTree = "<group>"; };
		486258B11E63C9740044FC15 /* MemeMeUITests.xctest */ = {isa = PBXFileReference; explicitFileType = wrapper.cfbundle; includeInIndex = 0; path = MemeMeUITests.xctest; sourceTree = BUILT_PRODUCTS_DIR; };
		486258B51E63C9740044FC15 /* MemeMeUITests.swift */ = {isa = PBXFileReference; lastKnownFileType = sourcecode.swift; path = MemeMeUITests.swift; sourceTree = "<group>"; };
		486258B71E63C9740044FC15 /* Info.plist */ = {isa = PBXFileReference; lastKnownFileType = text.plist.xml; path = Info.plist; sourceTree = "<group>"; };
		48B30CED1EDB5460009329BE /* MemeCollectionViewController.swift */ = {isa = PBXFileReference; fileEncoding = 4; lastKnownFileType = sourcecode.swift; path = MemeCollectionViewController.swift; sourceTree = "<group>"; };
		48D740F11E6C57A000A13046 /* MemeMeEditorViewController+UIImagePicker.swift */ = {isa = PBXFileReference; fileEncoding = 4; lastKnownFileType = sourcecode.swift; path = "MemeMeEditorViewController+UIImagePicker.swift"; sourceTree = "<group>"; };
		48D93B3D1E86A831000EB8CC /* MemeMeEditorViewController+UITextField.swift */ = {isa = PBXFileReference; fileEncoding = 4; lastKnownFileType = sourcecode.swift; path = "MemeMeEditorViewController+UITextField.swift"; sourceTree = "<group>"; };
		48D93B3F1E86B8C0000EB8CC /* Meme.swift */ = {isa = PBXFileReference; fileEncoding = 4; lastKnownFileType = sourcecode.swift; path = Meme.swift; sourceTree = "<group>"; };
		48EB36D01ED34C30007648A9 /* MemeTableViewController.swift */ = {isa = PBXFileReference; fileEncoding = 4; lastKnownFileType = sourcecode.swift; path = MemeTableViewController.swift; sourceTree = "<group>"; };
/* End PBXFileReference section */

/* Begin PBXFrameworksBuildPhase section */
		4862588F1E63C9730044FC15 /* Frameworks */ = {
			isa = PBXFrameworksBuildPhase;
			buildActionMask = 2147483647;
			files = (
			);
			runOnlyForDeploymentPostprocessing = 0;
		};
		486258A31E63C9740044FC15 /* Frameworks */ = {
			isa = PBXFrameworksBuildPhase;
			buildActionMask = 2147483647;
			files = (
			);
			runOnlyForDeploymentPostprocessing = 0;
		};
		486258AE1E63C9740044FC15 /* Frameworks */ = {
			isa = PBXFrameworksBuildPhase;
			buildActionMask = 2147483647;
			files = (
			);
			runOnlyForDeploymentPostprocessing = 0;
		};
/* End PBXFrameworksBuildPhase section */

/* Begin PBXGroup section */
		486258891E63C9730044FC15 = {
			isa = PBXGroup;
			children = (
				486258941E63C9740044FC15 /* MemeMe */,
				486258A91E63C9740044FC15 /* MemeMeTests */,
				486258B41E63C9740044FC15 /* MemeMeUITests */,
				486258931E63C9730044FC15 /* Products */,
			);
			sourceTree = "<group>";
		};
		486258931E63C9730044FC15 /* Products */ = {
			isa = PBXGroup;
			children = (
				486258921E63C9730044FC15 /* MemeMe.app */,
				486258A61E63C9740044FC15 /* MemeMeTests.xctest */,
				486258B11E63C9740044FC15 /* MemeMeUITests.xctest */,
			);
			name = Products;
			sourceTree = "<group>";
		};
		486258941E63C9740044FC15 /* MemeMe */ = {
			isa = PBXGroup;
			children = (
				486258951E63C9740044FC15 /* AppDelegate.swift */,
				486258971E63C9740044FC15 /* MemeMeEditorViewController.swift */,
				486258991E63C9740044FC15 /* Main.storyboard */,
				4862589C1E63C9740044FC15 /* Assets.xcassets */,
				4862589E1E63C9740044FC15 /* LaunchScreen.storyboard */,
				486258A11E63C9740044FC15 /* Info.plist */,
				48D740F11E6C57A000A13046 /* MemeMeEditorViewController+UIImagePicker.swift */,
				48D93B3D1E86A831000EB8CC /* MemeMeEditorViewController+UITextField.swift */,
				48D93B3F1E86B8C0000EB8CC /* Meme.swift */,
				4810EAA81E87E1880034CD86 /* Images.xcassets */,
				48EB36D01ED34C30007648A9 /* MemeTableViewController.swift */,
				481904CD1ED9BBE80017E7F1 /* MemeMeDetailedViewController.swift */,
				48B30CED1EDB5460009329BE /* MemeCollectionViewController.swift */,
				484795711EDB6214001272FE /* MemeCollectionViewCell.swift */,
			);
			path = MemeMe;
			sourceTree = "<group>";
		};
		486258A91E63C9740044FC15 /* MemeMeTests */ = {
			isa = PBXGroup;
			children = (
				486258AA1E63C9740044FC15 /* MemeMeTests.swift */,
				486258AC1E63C9740044FC15 /* Info.plist */,
			);
			path = MemeMeTests;
			sourceTree = "<group>";
		};
		486258B41E63C9740044FC15 /* MemeMeUITests */ = {
			isa = PBXGroup;
			children = (
				486258B51E63C9740044FC15 /* MemeMeUITests.swift */,
				486258B71E63C9740044FC15 /* Info.plist */,
			);
			path = MemeMeUITests;
			sourceTree = "<group>";
		};
/* End PBXGroup section */

/* Begin PBXNativeTarget section */
		486258911E63C9730044FC15 /* MemeMe */ = {
			isa = PBXNativeTarget;
			buildConfigurationList = 486258BA1E63C9740044FC15 /* Build configuration list for PBXNativeTarget "MemeMe" */;
			buildPhases = (
				4862588E1E63C9730044FC15 /* Sources */,
				4862588F1E63C9730044FC15 /* Frameworks */,
				486258901E63C9730044FC15 /* Resources */,
			);
			buildRules = (
			);
			dependencies = (
			);
			name = MemeMe;
			productName = MemeMe;
			productReference = 486258921E63C9730044FC15 /* MemeMe.app */;
			productType = "com.apple.product-type.application";
		};
		486258A51E63C9740044FC15 /* MemeMeTests */ = {
			isa = PBXNativeTarget;
			buildConfigurationList = 486258BD1E63C9740044FC15 /* Build configuration list for PBXNativeTarget "MemeMeTests" */;
			buildPhases = (
				486258A21E63C9740044FC15 /* Sources */,
				486258A31E63C9740044FC15 /* Frameworks */,
				486258A41E63C9740044FC15 /* Resources */,
			);
			buildRules = (
			);
			dependencies = (
				486258A81E63C9740044FC15 /* PBXTargetDependency */,
			);
			name = MemeMeTests;
			productName = MemeMeTests;
			productReference = 486258A61E63C9740044FC15 /* MemeMeTests.xctest */;
			productType = "com.apple.product-type.bundle.unit-test";
		};
		486258B01E63C9740044FC15 /* MemeMeUITests */ = {
			isa = PBXNativeTarget;
			buildConfigurationList = 486258C01E63C9740044FC15 /* Build configuration list for PBXNativeTarget "MemeMeUITests" */;
			buildPhases = (
				486258AD1E63C9740044FC15 /* Sources */,
				486258AE1E63C9740044FC15 /* Frameworks */,
				486258AF1E63C9740044FC15 /* Resources */,
			);
			buildRules = (
			);
			dependencies = (
				486258B31E63C9740044FC15 /* PBXTargetDependency */,
			);
			name = MemeMeUITests;
			productName = MemeMeUITests;
			productReference = 486258B11E63C9740044FC15 /* MemeMeUITests.xctest */;
			productType = "com.apple.product-type.bundle.ui-testing";
		};
/* End PBXNativeTarget section */

/* Begin PBXProject section */
		4862588A1E63C9730044FC15 /* Project object */ = {
			isa = PBXProject;
			attributes = {
				LastSwiftUpdateCheck = 0820;
				LastUpgradeCheck = 0820;
				ORGANIZATIONNAME = "Sujay Bhowmick";
				TargetAttributes = {
					486258911E63C9730044FC15 = {
						CreatedOnToolsVersion = 8.2.1;
						DevelopmentTeam = 4XL3CX888E;
						ProvisioningStyle = Automatic;
					};
					486258A51E63C9740044FC15 = {
						CreatedOnToolsVersion = 8.2.1;
						DevelopmentTeam = 4XL3CX888E;
						ProvisioningStyle = Automatic;
						TestTargetID = 486258911E63C9730044FC15;
					};
					486258B01E63C9740044FC15 = {
						CreatedOnToolsVersion = 8.2.1;
						DevelopmentTeam = 4XL3CX888E;
						ProvisioningStyle = Automatic;
						TestTargetID = 486258911E63C9730044FC15;
					};
				};
			};
			buildConfigurationList = 4862588D1E63C9730044FC15 /* Build configuration list for PBXProject "MemeMe" */;
			compatibilityVersion = "Xcode 3.2";
			developmentRegion = English;
			hasScannedForEncodings = 0;
			knownRegions = (
				en,
				Base,
			);
			mainGroup = 486258891E63C9730044FC15;
			productRefGroup = 486258931E63C9730044FC15 /* Products */;
			projectDirPath = "";
			projectRoot = "";
			targets = (
				486258911E63C9730044FC15 /* MemeMe */,
				486258A51E63C9740044FC15 /* MemeMeTests */,
				486258B01E63C9740044FC15 /* MemeMeUITests */,
			);
		};
/* End PBXProject section */

/* Begin PBXResourcesBuildPhase section */
		486258901E63C9730044FC15 /* Resources */ = {
			isa = PBXResourcesBuildPhase;
			buildActionMask = 2147483647;
			files = (
				486258A01E63C9740044FC15 /* LaunchScreen.storyboard in Resources */,
				4810EAA91E87E1880034CD86 /* Images.xcassets in Resources */,
				4862589D1E63C9740044FC15 /* Assets.xcassets in Resources */,
				4862589B1E63C9740044FC15 /* Main.storyboard in Resources */,
			);
			runOnlyForDeploymentPostprocessing = 0;
		};
		486258A41E63C9740044FC15 /* Resources */ = {
			isa = PBXResourcesBuildPhase;
			buildActionMask = 2147483647;
			files = (
			);
			runOnlyForDeploymentPostprocessing = 0;
		};
		486258AF1E63C9740044FC15 /* Resources */ = {
			isa = PBXResourcesBuildPhase;
			buildActionMask = 2147483647;
			files = (
			);
			runOnlyForDeploymentPostprocessing = 0;
		};
/* End PBXResourcesBuildPhase section */

/* Begin PBXSourcesBuildPhase section */
		4862588E1E63C9730044FC15 /* Sources */ = {
			isa = PBXSourcesBuildPhase;
			buildActionMask = 2147483647;
			files = (
				481904CE1ED9BBE80017E7F1 /* MemeMeDetailedViewController.swift in Sources */,
				48EB36D11ED34C30007648A9 /* MemeTableViewController.swift in Sources */,
				48D93B3E1E86A831000EB8CC /* MemeMeEditorViewController+UITextField.swift in Sources */,
				484795721EDB6214001272FE /* MemeCollectionViewCell.swift in Sources */,
				486258981E63C9740044FC15 /* MemeMeEditorViewController.swift in Sources */,
				48B30CEE1EDB5460009329BE /* MemeCollectionViewController.swift in Sources */,
				486258961E63C9740044FC15 /* AppDelegate.swift in Sources */,
				48D740F21E6C57A000A13046 /* MemeMeEditorViewController+UIImagePicker.swift in Sources */,
				48D93B401E86B8C0000EB8CC /* Meme.swift in Sources */,
			);
			runOnlyForDeploymentPostprocessing = 0;
		};
		486258A21E63C9740044FC15 /* Sources */ = {
			isa = PBXSourcesBuildPhase;
			buildActionMask = 2147483647;
			files = (
				486258AB1E63C9740044FC15 /* MemeMeTests.swift in Sources */,
			);
			runOnlyForDeploymentPostprocessing = 0;
		};
		486258AD1E63C9740044FC15 /* Sources */ = {
			isa = PBXSourcesBuildPhase;
			buildActionMask = 2147483647;
			files = (
				486258B61E63C9740044FC15 /* MemeMeUITests.swift in Sources */,
			);
			runOnlyForDeploymentPostprocessing = 0;
		};
/* End PBXSourcesBuildPhase section */

/* Begin PBXTargetDependency section */
		486258A81E63C9740044FC15 /* PBXTargetDependency */ = {
			isa = PBXTargetDependency;
			target = 486258911E63C9730044FC15 /* MemeMe */;
			targetProxy = 486258A71E63C9740044FC15 /* PBXContainerItemProxy */;
		};
		486258B31E63C9740044FC15 /* PBXTargetDependency */ = {
			isa = PBXTargetDependency;
			target = 486258911E63C9730044FC15 /* MemeMe */;
			targetProxy = 486258B21E63C9740044FC15 /* PBXContainerItemProxy */;
		};
/* End PBXTargetDependency section */

/* Begin PBXVariantGroup section */
		486258991E63C9740044FC15 /* Main.storyboard */ = {
			isa = PBXVariantGroup;
			children = (
				4862589A1E63C9740044FC15 /* Base */,
			);
			name = Main.storyboard;
			sourceTree = "<group>";
		};
		4862589E1E63C9740044FC15 /* LaunchScreen.storyboard */ = {
			isa = PBXVariantGroup;
			children = (
				4862589F1E63C9740044FC15 /* Base */,
			);
			name = LaunchScreen.storyboard;
			sourceTree = "<group>";
		};
/* End PBXVariantGroup section */

/* Begin XCBuildConfiguration section */
		486258B81E63C9740044FC15 /* Debug */ = {
			isa = XCBuildConfiguration;
			buildSettings = {
				ALWAYS_SEARCH_USER_PATHS = NO;
				CLANG_ANALYZER_NONNULL = YES;
				CLANG_CXX_LANGUAGE_STANDARD = "gnu++0x";
				CLANG_CXX_LIBRARY = "libc++";
				CLANG_ENABLE_MODULES = YES;
				CLANG_ENABLE_OBJC_ARC = YES;
				CLANG_WARN_BOOL_CONVERSION = YES;
				CLANG_WARN_CONSTANT_CONVERSION = YES;
				CLANG_WARN_DIRECT_OBJC_ISA_USAGE = YES_ERROR;
				CLANG_WARN_DOCUMENTATION_COMMENTS = YES;
				CLANG_WARN_EMPTY_BODY = YES;
				CLANG_WARN_ENUM_CONVERSION = YES;
				CLANG_WARN_INFINITE_RECURSION = YES;
				CLANG_WARN_INT_CONVERSION = YES;
				CLANG_WARN_OBJC_ROOT_CLASS = YES_ERROR;
				CLANG_WARN_SUSPICIOUS_MOVE = YES;
				CLANG_WARN_UNREACHABLE_CODE = YES;
				CLANG_WARN__DUPLICATE_METHOD_MATCH = YES;
				"CODE_SIGN_IDENTITY[sdk=iphoneos*]" = "iPhone Developer";
				COPY_PHASE_STRIP = NO;
				DEBUG_INFORMATION_FORMAT = dwarf;
				ENABLE_STRICT_OBJC_MSGSEND = YES;
				ENABLE_TESTABILITY = YES;
				GCC_C_LANGUAGE_STANDARD = gnu99;
				GCC_DYNAMIC_NO_PIC = NO;
				GCC_NO_COMMON_BLOCKS = YES;
				GCC_OPTIMIZATION_LEVEL = 0;
				GCC_PREPROCESSOR_DEFINITIONS = (
					"DEBUG=1",
					"$(inherited)",
				);
				GCC_WARN_64_TO_32_BIT_CONVERSION = YES;
				GCC_WARN_ABOUT_RETURN_TYPE = YES_ERROR;
				GCC_WARN_UNDECLARED_SELECTOR = YES;
				GCC_WARN_UNINITIALIZED_AUTOS = YES_AGGRESSIVE;
				GCC_WARN_UNUSED_FUNCTION = YES;
				GCC_WARN_UNUSED_VARIABLE = YES;
				IPHONEOS_DEPLOYMENT_TARGET = 10.2;
				MTL_ENABLE_DEBUG_INFO = YES;
				ONLY_ACTIVE_ARCH = YES;
				SDKROOT = iphoneos;
				SWIFT_ACTIVE_COMPILATION_CONDITIONS = DEBUG;
				SWIFT_OPTIMIZATION_LEVEL = "-Onone";
				TARGETED_DEVICE_FAMILY = "1,2";
			};
			name = Debug;
		};
		486258B91E63C9740044FC15 /* Release */ = {
			isa = XCBuildConfiguration;
			buildSettings = {
				ALWAYS_SEARCH_USER_PATHS = NO;
				CLANG_ANALYZER_NONNULL = YES;
				CLANG_CXX_LANGUAGE_STANDARD = "gnu++0x";
				CLANG_CXX_LIBRARY = "libc++";
				CLANG_ENABLE_MODULES = YES;
				CLANG_ENABLE_OBJC_ARC = YES;
				CLANG_WARN_BOOL_CONVERSION = YES;
				CLANG_WARN_CONSTANT_CONVERSION = YES;
				CLANG_WARN_DIRECT_OBJC_ISA_USAGE = YES_ERROR;
				CLANG_WARN_DOCUMENTATION_COMMENTS = YES;
				CLANG_WARN_EMPTY_BODY = YES;
				CLANG_WARN_ENUM_CONVERSION = YES;
				CLANG_WARN_INFINITE_RECURSION = YES;
				CLANG_WARN_INT_CONVERSION = YES;
				CLANG_WARN_OBJC_ROOT_CLASS = YES_ERROR;
				CLANG_WARN_SUSPICIOUS_MOVE = YES;
				CLANG_WARN_UNREACHABLE_CODE = YES;
				CLANG_WARN__DUPLICATE_METHOD_MATCH = YES;
				"CODE_SIGN_IDENTITY[sdk=iphoneos*]" = "iPhone Developer";
				COPY_PHASE_STRIP = NO;
				DEBUG_INFORMATION_FORMAT = "dwarf-with-dsym";
				ENABLE_NS_ASSERTIONS = NO;
				ENABLE_STRICT_OBJC_MSGSEND = YES;
				GCC_C_LANGUAGE_STANDARD = gnu99;
				GCC_NO_COMMON_BLOCKS = YES;
				GCC_WARN_64_TO_32_BIT_CONVERSION = YES;
				GCC_WARN_ABOUT_RETURN_TYPE = YES_ERROR;
				GCC_WARN_UNDECLARED_SELECTOR = YES;
				GCC_WARN_UNINITIALIZED_AUTOS = YES_AGGRESSIVE;
				GCC_WARN_UNUSED_FUNCTION = YES;
				GCC_WARN_UNUSED_VARIABLE = YES;
				IPHONEOS_DEPLOYMENT_TARGET = 10.2;
				MTL_ENABLE_DEBUG_INFO = NO;
				SDKROOT = iphoneos;
				SWIFT_OPTIMIZATION_LEVEL = "-Owholemodule";
				TARGETED_DEVICE_FAMILY = "1,2";
				VALIDATE_PRODUCT = YES;
			};
			name = Release;
		};
		486258BB1E63C9740044FC15 /* Debug */ = {
			isa = XCBuildConfiguration;
			buildSettings = {
				ASSETCATALOG_COMPILER_APPICON_NAME = AppIcon;
				ASSETCATALOG_COMPILER_LAUNCHIMAGE_NAME = LaunchImage;
				DEVELOPMENT_TEAM = 4XL3CX888E;
				INFOPLIST_FILE = MemeMe/Info.plist;
				LD_RUNPATH_SEARCH_PATHS = "$(inherited) @executable_path/Frameworks";
				PRODUCT_BUNDLE_IDENTIFIER = com.sujay.MemeMe;
				PRODUCT_NAME = "$(TARGET_NAME)";
				SWIFT_VERSION = 3.0;
			};
			name = Debug;
		};
		486258BC1E63C9740044FC15 /* Release */ = {
			isa = XCBuildConfiguration;
			buildSettings = {
				ASSETCATALOG_COMPILER_APPICON_NAME = AppIcon;
				ASSETCATALOG_COMPILER_LAUNCHIMAGE_NAME = LaunchImage;
				DEVELOPMENT_TEAM = 4XL3CX888E;
				INFOPLIST_FILE = MemeMe/Info.plist;
				LD_RUNPATH_SEARCH_PATHS = "$(inherited) @executable_path/Frameworks";
				PRODUCT_BUNDLE_IDENTIFIER = com.sujay.MemeMe;
				PRODUCT_NAME = "$(TARGET_NAME)";
				SWIFT_VERSION = 3.0;
			};
			name = Release;
		};
		486258BE1E63C9740044FC15 /* Debug */ = {
			isa = XCBuildConfiguration;
			buildSettings = {
				ALWAYS_EMBED_SWIFT_STANDARD_LIBRARIES = YES;
				BUNDLE_LOADER = "$(TEST_HOST)";
				DEVELOPMENT_TEAM = 4XL3CX888E;
				INFOPLIST_FILE = MemeMeTests/Info.plist;
				LD_RUNPATH_SEARCH_PATHS = "$(inherited) @executable_path/Frameworks @loader_path/Frameworks";
				PRODUCT_BUNDLE_IDENTIFIER = com.sujay.MemeMeTests;
				PRODUCT_NAME = "$(TARGET_NAME)";
				SWIFT_VERSION = 3.0;
				TEST_HOST = "$(BUILT_PRODUCTS_DIR)/MemeMe.app/MemeMe";
			};
			name = Debug;
		};
		486258BF1E63C9740044FC15 /* Release */ = {
			isa = XCBuildConfiguration;
			buildSettings = {
				ALWAYS_EMBED_SWIFT_STANDARD_LIBRARIES = YES;
				BUNDLE_LOADER = "$(TEST_HOST)";
				DEVELOPMENT_TEAM = 4XL3CX888E;
				INFOPLIST_FILE = MemeMeTests/Info.plist;
				LD_RUNPATH_SEARCH_PATHS = "$(inherited) @executable_path/Frameworks @loader_path/Frameworks";
				PRODUCT_BUNDLE_IDENTIFIER = com.sujay.MemeMeTests;
				PRODUCT_NAME = "$(TARGET_NAME)";
				SWIFT_VERSION = 3.0;
				TEST_HOST = "$(BUILT_PRODUCTS_DIR)/MemeMe.app/MemeMe";
			};
			name = Release;
		};
		486258C11E63C9740044FC15 /* Debug */ = {
			isa = XCBuildConfiguration;
			buildSettings = {
				ALWAYS_EMBED_SWIFT_STANDARD_LIBRARIES = YES;
				DEVELOPMENT_TEAM = 4XL3CX888E;
				INFOPLIST_FILE = MemeMeUITests/Info.plist;
				LD_RUNPATH_SEARCH_PATHS = "$(inherited) @executable_path/Frameworks @loader_path/Frameworks";
				PRODUCT_BUNDLE_IDENTIFIER = com.sujay.MemeMeUITests;
				PRODUCT_NAME = "$(TARGET_NAME)";
				SWIFT_VERSION = 3.0;
				TEST_TARGET_NAME = MemeMe;
			};
			name = Debug;
		};
		486258C21E63C9740044FC15 /* Release */ = {
			isa = XCBuildConfiguration;
			buildSettings = {
				ALWAYS_EMBED_SWIFT_STANDARD_LIBRARIES = YES;
				DEVELOPMENT_TEAM = 4XL3CX888E;
				INFOPLIST_FILE = MemeMeUITests/Info.plist;
				LD_RUNPATH_SEARCH_PATHS = "$(inherited) @executable_path/Frameworks @loader_path/Frameworks";
				PRODUCT_BUNDLE_IDENTIFIER = com.sujay.MemeMeUITests;
				PRODUCT_NAME = "$(TARGET_NAME)";
				SWIFT_VERSION = 3.0;
				TEST_TARGET_NAME = MemeMe;
			};
			name = Release;
		};
/* End XCBuildConfiguration section */

/* Begin XCConfigurationList section */
		4862588D1E63C9730044FC15 /* Build configuration list for PBXProject "MemeMe" */ = {
			isa = XCConfigurationList;
			buildConfigurations = (
				486258B81E63C9740044FC15 /* Debug */,
				486258B91E63C9740044FC15 /* Release */,
			);
			defaultConfigurationIsVisible = 0;
			defaultConfigurationName = Release;
		};
		486258BA1E63C9740044FC15 /* Build configuration list for PBXNativeTarget "MemeMe" */ = {
			isa = XCConfigurationList;
			buildConfigurations = (
				486258BB1E63C9740044FC15 /* Debug */,
				486258BC1E63C9740044FC15 /* Release */,
			);
			defaultConfigurationIsVisible = 0;
			defaultConfigurationName = Release;
		};
		486258BD1E63C9740044FC15 /* Build configuration list for PBXNativeTarget "MemeMeTests" */ = {
			isa = XCConfigurationList;
			buildConfigurations = (
				486258BE1E63C9740044FC15 /* Debug */,
				486258BF1E63C9740044FC15 /* Release */,
			);
			defaultConfigurationIsVisible = 0;
			defaultConfigurationName = Release;
		};
		486258C01E63C9740044FC15 /* Build configuration list for PBXNativeTarget "MemeMeUITests" */ = {
			isa = XCConfigurationList;
			buildConfigurations = (
				486258C11E63C9740044FC15 /* Debug */,
				486258C21E63C9740044FC15 /* Release */,
			);
			defaultConfigurationIsVisible = 0;
			defaultConfigurationName = Release;
		};
/* End XCConfigurationList section */
	};
	rootObject = 4862588A1E63C9730044FC15 /* Project object */;
}
